
Microsoft Visual Studio Solution File, Format Version 12.00
# Visual Studio Version 16
VisualStudioVersion = 16.0.30011.22
MinimumVisualStudioVersion = 10.0.40219.1
Project("{FAE04EC0-301F-11D3-BF4B-00C04F79EFBC}") = "MasterOK", "MasterOK\MasterOK.csproj", "{89C13F37-87FA-45D2-B400-65FC7D842BFC}"
EndProject
Global
	GlobalSection(SolutionConfigurationPlatforms) = preSolution
		Debug|Any CPU = Debug|Any CPU
		Release|Any CPU = Release|Any CPU
	EndGlobalSection
	GlobalSection(ProjectConfigurationPlatforms) = postSolution
		{89C13F37-87FA-45D2-B400-65FC7D842BFC}.Debug|Any CPU.ActiveCfg = Debug|Any CPU
		{89C13F37-87FA-45D2-B400-65FC7D842BFC}.Debug|Any CPU.Build.0 = Debug|Any CPU
		{89C13F37-87FA-45D2-B400-65FC7D842BFC}.Release|Any CPU.ActiveCfg = Release|Any CPU
		{89C13F37-87FA-45D2-B400-65FC7D842BFC}.Release|Any CPU.Build.0 = Release|Any CPU
	EndGlobalSection
	GlobalSection(SolutionProperties) = preSolution
		HideSolutionNode = FALSE
	EndGlobalSection
	GlobalSection(ExtensibilityGlobals) = postSolution
		SolutionGuid = {2D38AE8A-14A5-4EF5-AD7B-F55F0460A240}
	EndGlobalSection
EndGlobal
